{
    "name": "anql",
    "lockfileVersion": 2,
    "requires": true,
    "packages": {
        "": {
            "name": "anql",
            "license": "MIT",
            "workspaces": [
                "core",
                "functions"
            ],
            "devDependencies": {
                "typescript": "4.9.3"
            }
        },
        "core": {
            "name": "@anql/core",
            "license": "MIT",
            "dependencies": {
                "antlr4ts": "0.5.0-alpha.4"
            },
            "devDependencies": {
                "antlr4ts-cli": "0.5.0-alpha.4"
            }
        },
        "functions": {
            "name": "@anql/functions",
            "license": "MIT",
            "dependencies": {
                "@anql/core": "*"
            }
        },
        "node_modules/@anql/core": {
            "resolved": "core",
            "link": true
        },
        "node_modules/@anql/functions": {
            "resolved": "functions",
            "link": true
        },
        "node_modules/antlr4ts": {
            "version": "0.5.0-alpha.4",
            "resolved": "https://registry.npmjs.org/antlr4ts/-/antlr4ts-0.5.0-alpha.4.tgz",
            "integrity": "sha512-WPQDt1B74OfPv/IMS2ekXAKkTZIHl88uMetg6q3OTqgFxZ/dxDXI0EWLyZid/1Pe6hTftyg5N7gel5wNAGxXyQ=="
        },
        "node_modules/antlr4ts-cli": {
            "version": "0.5.0-alpha.4",
            "resolved": "https://registry.npmjs.org/antlr4ts-cli/-/antlr4ts-cli-0.5.0-alpha.4.tgz",
            "integrity": "sha512-lVPVBTA2CVHRYILSKilL6Jd4hAumhSZZWA7UbQNQrmaSSj7dPmmYaN4bOmZG79cOy0lS00i4LY68JZZjZMWVrw==",
            "dev": true,
            "bin": {
                "antlr4ts": "antlr4ts"
            }
        },
        "node_modules/typescript": {
            "version": "4.9.3",
            "resolved": "https://registry.npmjs.org/typescript/-/typescript-4.9.3.tgz",
            "integrity": "sha512-CIfGzTelbKNEnLpLdGFgdyKhG23CKdKgQPOBc+OUNrkJ2vr+KSzsSV5kq5iWhEQbok+quxgGzrAtGWCyU7tHnA==",
            "dev": true,
            "bin": {
                "tsc": "bin/tsc",
                "tsserver": "bin/tsserver"
            },
            "engines": {
                "node": ">=4.2.0"
            }
        }
    },
    "dependencies": {
        "@anql/core": {
            "version": "file:core",
            "requires": {
                "antlr4ts": "0.5.0-alpha.4",
                "antlr4ts-cli": "0.5.0-alpha.4"
            }
        },
        "@anql/functions": {
            "version": "file:functions",
            "requires": {
                "@anql/core": "*"
            }
        },
        "antlr4ts": {
            "version": "0.5.0-alpha.4",
            "resolved": "https://registry.npmjs.org/antlr4ts/-/antlr4ts-0.5.0-alpha.4.tgz",
            "integrity": "sha512-WPQDt1B74OfPv/IMS2ekXAKkTZIHl88uMetg6q3OTqgFxZ/dxDXI0EWLyZid/1Pe6hTftyg5N7gel5wNAGxXyQ=="
        },
        "antlr4ts-cli": {
            "version": "0.5.0-alpha.4",
            "resolved": "https://registry.npmjs.org/antlr4ts-cli/-/antlr4ts-cli-0.5.0-alpha.4.tgz",
            "integrity": "sha512-lVPVBTA2CVHRYILSKilL6Jd4hAumhSZZWA7UbQNQrmaSSj7dPmmYaN4bOmZG79cOy0lS00i4LY68JZZjZMWVrw==",
            "dev": true
        },
        "typescript": {
            "version": "4.9.3",
            "resolved": "https://registry.npmjs.org/typescript/-/typescript-4.9.3.tgz",
            "integrity": "sha512-CIfGzTelbKNEnLpLdGFgdyKhG23CKdKgQPOBc+OUNrkJ2vr+KSzsSV5kq5iWhEQbok+quxgGzrAtGWCyU7tHnA==",
            "dev": true
        }
    }
}
