
Microsoft Visual Studio Solution File, Format Version 12.00
Project("{FAE04EC0-301F-11D3-BF4B-00C04F79EFBC}") = "AnQL.Core", "src\AnQL.Core\AnQL.Core.csproj", "{AC0BD618-4DD5-4430-9C16-D30F39DAF015}"
EndProject
Project("{FAE04EC0-301F-11D3-BF4B-00C04F79EFBC}") = "AnQL.Expressions", "src\AnQL.Expressions\AnQL.Expressions.csproj", "{D028451C-CFC4-4BB5-A2ED-7FC3A7AC196D}"
EndProject
Project("{2150E333-8FDC-42A3-9474-1A3956D46DE8}") = "src", "src", "{7A34A325-3C52-49FA-8B28-AEEF715D9F79}"
EndProject
Project("{2150E333-8FDC-42A3-9474-1A3956D46DE8}") = "test", "test", "{AA50855C-66F2-447F-B7F5-E797876980FB}"
EndProject
Project("{FAE04EC0-301F-11D3-BF4B-00C04F79EFBC}") = "AnQL.Expressions.Tests", "test\AnQL.Expressions.Tests\AnQL.Expressions.Tests.csproj", "{65E34CD9-92DF-4993-A571-FEE88B2366DD}"
EndProject
Project("{FAE04EC0-301F-11D3-BF4B-00C04F79EFBC}") = "AnQL.Functions", "src\AnQL.Functions\AnQL.Functions.csproj", "{EF28D8B4-D671-4945-A159-5879189AB31A}"
EndProject
Project("{FAE04EC0-301F-11D3-BF4B-00C04F79EFBC}") = "AnQL.Functions.Tests", "test\AnQL.Functions.Tests\AnQL.Functions.Tests.csproj", "{AE75366A-A83D-474D-954E-3C9EFFA096C5}"
EndProject
Project("{FAE04EC0-301F-11D3-BF4B-00C04F79EFBC}") = "AnQL.Functions.Time", "src\AnQL.Functions.Time\AnQL.Functions.Time.csproj", "{2B12DC25-9FF0-42CD-9EEF-D46497156C64}"
EndProject
Project("{FAE04EC0-301F-11D3-BF4B-00C04F79EFBC}") = "AnQL.Functions.Time.Tests", "test\AnQL.Functions.Time.Tests\AnQL.Functions.Time.Tests.csproj", "{CF03D0D0-37CF-48B8-A87C-3136665C697B}"
EndProject
Project("{2150E333-8FDC-42A3-9474-1A3956D46DE8}") = "examples", "examples", "{E4F2B84A-7523-4B46-9F20-CD7C3287077C}"
EndProject
Project("{FAE04EC0-301F-11D3-BF4B-00C04F79EFBC}") = "AnQL.Functions.CliDemo", "examples\AnQL.Functions.CliDemo\AnQL.Functions.CliDemo.csproj", "{2B2BFD4B-FEB8-423D-8DA8-5A1BFE8108F5}"
EndProject
Project("{FAE04EC0-301F-11D3-BF4B-00C04F79EFBC}") = "AnQL.Mongo", "src\AnQL.Mongo\AnQL.Mongo.csproj", "{A2F639D9-B894-4BF0-A46F-F8964C898B46}"
EndProject
Project("{FAE04EC0-301F-11D3-BF4B-00C04F79EFBC}") = "AnQL.Mongo.Tests", "test\AnQL.Mongo.Tests\AnQL.Mongo.Tests.csproj", "{8238DC07-9BE9-4620-809C-F455A2982101}"
EndProject
Global
	GlobalSection(SolutionConfigurationPlatforms) = preSolution
		Debug|Any CPU = Debug|Any CPU
		Release|Any CPU = Release|Any CPU
	EndGlobalSection
	GlobalSection(ProjectConfigurationPlatforms) = postSolution
		{AC0BD618-4DD5-4430-9C16-D30F39DAF015}.Debug|Any CPU.ActiveCfg = Debug|Any CPU
		{AC0BD618-4DD5-4430-9C16-D30F39DAF015}.Debug|Any CPU.Build.0 = Debug|Any CPU
		{AC0BD618-4DD5-4430-9C16-D30F39DAF015}.Release|Any CPU.ActiveCfg = Release|Any CPU
		{AC0BD618-4DD5-4430-9C16-D30F39DAF015}.Release|Any CPU.Build.0 = Release|Any CPU
		{D028451C-CFC4-4BB5-A2ED-7FC3A7AC196D}.Debug|Any CPU.ActiveCfg = Debug|Any CPU
		{D028451C-CFC4-4BB5-A2ED-7FC3A7AC196D}.Debug|Any CPU.Build.0 = Debug|Any CPU
		{D028451C-CFC4-4BB5-A2ED-7FC3A7AC196D}.Release|Any CPU.ActiveCfg = Release|Any CPU
		{D028451C-CFC4-4BB5-A2ED-7FC3A7AC196D}.Release|Any CPU.Build.0 = Release|Any CPU
		{65E34CD9-92DF-4993-A571-FEE88B2366DD}.Debug|Any CPU.ActiveCfg = Debug|Any CPU
		{65E34CD9-92DF-4993-A571-FEE88B2366DD}.Debug|Any CPU.Build.0 = Debug|Any CPU
		{65E34CD9-92DF-4993-A571-FEE88B2366DD}.Release|Any CPU.ActiveCfg = Release|Any CPU
		{65E34CD9-92DF-4993-A571-FEE88B2366DD}.Release|Any CPU.Build.0 = Release|Any CPU
		{EF28D8B4-D671-4945-A159-5879189AB31A}.Debug|Any CPU.ActiveCfg = Debug|Any CPU
		{EF28D8B4-D671-4945-A159-5879189AB31A}.Debug|Any CPU.Build.0 = Debug|Any CPU
		{EF28D8B4-D671-4945-A159-5879189AB31A}.Release|Any CPU.ActiveCfg = Release|Any CPU
		{EF28D8B4-D671-4945-A159-5879189AB31A}.Release|Any CPU.Build.0 = Release|Any CPU
		{AE75366A-A83D-474D-954E-3C9EFFA096C5}.Debug|Any CPU.ActiveCfg = Debug|Any CPU
		{AE75366A-A83D-474D-954E-3C9EFFA096C5}.Debug|Any CPU.Build.0 = Debug|Any CPU
		{AE75366A-A83D-474D-954E-3C9EFFA096C5}.Release|Any CPU.ActiveCfg = Release|Any CPU
		{AE75366A-A83D-474D-954E-3C9EFFA096C5}.Release|Any CPU.Build.0 = Release|Any CPU
		{2B12DC25-9FF0-42CD-9EEF-D46497156C64}.Debug|Any CPU.ActiveCfg = Debug|Any CPU
		{2B12DC25-9FF0-42CD-9EEF-D46497156C64}.Debug|Any CPU.Build.0 = Debug|Any CPU
		{2B12DC25-9FF0-42CD-9EEF-D46497156C64}.Release|Any CPU.ActiveCfg = Release|Any CPU
		{2B12DC25-9FF0-42CD-9EEF-D46497156C64}.Release|Any CPU.Build.0 = Release|Any CPU
		{CF03D0D0-37CF-48B8-A87C-3136665C697B}.Debug|Any CPU.ActiveCfg = Debug|Any CPU
		{CF03D0D0-37CF-48B8-A87C-3136665C697B}.Debug|Any CPU.Build.0 = Debug|Any CPU
		{CF03D0D0-37CF-48B8-A87C-3136665C697B}.Release|Any CPU.ActiveCfg = Release|Any CPU
		{CF03D0D0-37CF-48B8-A87C-3136665C697B}.Release|Any CPU.Build.0 = Release|Any CPU
		{2B2BFD4B-FEB8-423D-8DA8-5A1BFE8108F5}.Debug|Any CPU.ActiveCfg = Debug|Any CPU
		{2B2BFD4B-FEB8-423D-8DA8-5A1BFE8108F5}.Debug|Any CPU.Build.0 = Debug|Any CPU
		{2B2BFD4B-FEB8-423D-8DA8-5A1BFE8108F5}.Release|Any CPU.ActiveCfg = Release|Any CPU
		{2B2BFD4B-FEB8-423D-8DA8-5A1BFE8108F5}.Release|Any CPU.Build.0 = Release|Any CPU
		{A2F639D9-B894-4BF0-A46F-F8964C898B46}.Debug|Any CPU.ActiveCfg = Debug|Any CPU
		{A2F639D9-B894-4BF0-A46F-F8964C898B46}.Debug|Any CPU.Build.0 = Debug|Any CPU
		{A2F639D9-B894-4BF0-A46F-F8964C898B46}.Release|Any CPU.ActiveCfg = Release|Any CPU
		{A2F639D9-B894-4BF0-A46F-F8964C898B46}.Release|Any CPU.Build.0 = Release|Any CPU
		{8238DC07-9BE9-4620-809C-F455A2982101}.Debug|Any CPU.ActiveCfg = Debug|Any CPU
		{8238DC07-9BE9-4620-809C-F455A2982101}.Debug|Any CPU.Build.0 = Debug|Any CPU
		{8238DC07-9BE9-4620-809C-F455A2982101}.Release|Any CPU.ActiveCfg = Release|Any CPU
		{8238DC07-9BE9-4620-809C-F455A2982101}.Release|Any CPU.Build.0 = Release|Any CPU
	EndGlobalSection
	GlobalSection(NestedProjects) = preSolution
		{AC0BD618-4DD5-4430-9C16-D30F39DAF015} = {7A34A325-3C52-49FA-8B28-AEEF715D9F79}
		{D028451C-CFC4-4BB5-A2ED-7FC3A7AC196D} = {7A34A325-3C52-49FA-8B28-AEEF715D9F79}
		{65E34CD9-92DF-4993-A571-FEE88B2366DD} = {AA50855C-66F2-447F-B7F5-E797876980FB}
		{EF28D8B4-D671-4945-A159-5879189AB31A} = {7A34A325-3C52-49FA-8B28-AEEF715D9F79}
		{AE75366A-A83D-474D-954E-3C9EFFA096C5} = {AA50855C-66F2-447F-B7F5-E797876980FB}
		{2B12DC25-9FF0-42CD-9EEF-D46497156C64} = {7A34A325-3C52-49FA-8B28-AEEF715D9F79}
		{CF03D0D0-37CF-48B8-A87C-3136665C697B} = {AA50855C-66F2-447F-B7F5-E797876980FB}
		{2B2BFD4B-FEB8-423D-8DA8-5A1BFE8108F5} = {E4F2B84A-7523-4B46-9F20-CD7C3287077C}
		{A2F639D9-B894-4BF0-A46F-F8964C898B46} = {7A34A325-3C52-49FA-8B28-AEEF715D9F79}
		{8238DC07-9BE9-4620-809C-F455A2982101} = {AA50855C-66F2-447F-B7F5-E797876980FB}
	EndGlobalSection
EndGlobal
