{
    "name": "@anql/functions",
    "version": "1.0.0",
    "lockfileVersion": 2,
    "requires": true,
    "packages": {
        "": {
            "name": "@anql/functions",
            "version": "1.0.0",
            "license": "MIT",
            "dependencies": {
                "@anql/core": "../core"
            }
        },
        "../core": {
            "name": "@anql/core",
            "version": "1.0.0",
            "license": "MIT",
            "dependencies": {
                "antlr4": "4.11.0"
            }
        },
        "node_modules/@anql/core": {
            "resolved": "../core",
            "link": true
        }
    },
    "dependencies": {
        "@anql/core": {
            "version": "file:../core",
            "requires": {
                "antlr4": "4.11.0"
            }
        }
    }
}
